
Microsoft Visual Studio Solution File, Format Version 12.00
# Visual Studio Version 17
VisualStudioVersion = 17.6.33829.357
MinimumVisualStudioVersion = 10.0.40219.1
Project("{FAE04EC0-301F-11D3-BF4B-00C04F79EFBC}") = "DependencyInjectionPrinciple", "DependencyInjectionPrinciple\DependencyInjectionPrinciple.csproj", "{EF6D7792-14E4-4926-B9B2-FD0B5B811F9C}"
EndProject
Global
	GlobalSection(SolutionConfigurationPlatforms) = preSolution
		Debug|Any CPU = Debug|Any CPU
		Release|Any CPU = Release|Any CPU
	EndGlobalSection
	GlobalSection(ProjectConfigurationPlatforms) = postSolution
		{EF6D7792-14E4-4926-B9B2-FD0B5B811F9C}.Debug|Any CPU.ActiveCfg = Debug|Any CPU
		{EF6D7792-14E4-4926-B9B2-FD0B5B811F9C}.Debug|Any CPU.Build.0 = Debug|Any CPU
		{EF6D7792-14E4-4926-B9B2-FD0B5B811F9C}.Release|Any CPU.ActiveCfg = Release|Any CPU
		{EF6D7792-14E4-4926-B9B2-FD0B5B811F9C}.Release|Any CPU.Build.0 = Release|Any CPU
	EndGlobalSection
	GlobalSection(SolutionProperties) = preSolution
		HideSolutionNode = FALSE
	EndGlobalSection
	GlobalSection(ExtensibilityGlobals) = postSolution
		SolutionGuid = {1016D601-DD4A-4C96-8E68-11077759627B}
	EndGlobalSection
EndGlobal
